
Microsoft Visual Studio Solution File, Format Version 12.00
# Visual Studio Version 17
VisualStudioVersion = 17.11.35222.181
MinimumVisualStudioVersion = 10.0.40219.1
Project("{2150E333-8FDC-42A3-9474-1A3956D46DE8}") = "Services", "Services", "{746E2D44-6100-4E72-8B19-7F412B5A2F38}"
EndProject
Project("{2150E333-8FDC-42A3-9474-1A3956D46DE8}") = "Catalog", "Catalog", "{B6C314AA-ED42-449B-84C6-C7F8CD6499A6}"
EndProject
Project("{9A19103F-16F7-4668-BE54-9A1E7A4F7556}") = "Catalog.API", "Services\Catalog\Catalog.API\Catalog.API.csproj", "{47BC6B0D-B17D-4F88-9A9E-69D166699E1E}"
EndProject
Project("{2150E333-8FDC-42A3-9474-1A3956D46DE8}") = "BuildingBlocks", "BuildingBlocks", "{1520ED47-76E1-4D23-A9C1-598048EECC39}"
EndProject
Project("{9A19103F-16F7-4668-BE54-9A1E7A4F7556}") = "BuildingBlocks", "BuildingBlocks\BuildingBlocks.csproj", "{9607B638-496D-4ACE-9839-89992AB9B02F}"
EndProject
Project("{E53339B2-1760-4266-BCC7-CA923CBCF16C}") = "docker-compose", "docker-compose.dcproj", "{379AB4A2-A548-478E-9519-678EF027A0FF}"
EndProject
Project("{2150E333-8FDC-42A3-9474-1A3956D46DE8}") = "Basket", "Basket", "{2BB3D4B4-03F7-4980-87DB-581B259FE94F}"
EndProject
Project("{9A19103F-16F7-4668-BE54-9A1E7A4F7556}") = "Basket.API", "Services\Basket\Basket.API\Basket.API.csproj", "{2CD97B8F-3310-47B4-AC10-9A9D6614C43F}"
EndProject
Project("{2150E333-8FDC-42A3-9474-1A3956D46DE8}") = "Discount", "Discount", "{F0ED4C93-9C57-44C2-9998-9C7826438F21}"
EndProject
Project("{FAE04EC0-301F-11D3-BF4B-00C04F79EFBC}") = "DiscountGrpc", "Services\Discount\DiscountGrpc\DiscountGrpc.csproj", "{181F6BD9-0B13-4188-9F64-E191028F6FBE}"
EndProject
Global
	GlobalSection(SolutionConfigurationPlatforms) = preSolution
		Debug|Any CPU = Debug|Any CPU
		Release|Any CPU = Release|Any CPU
	EndGlobalSection
	GlobalSection(ProjectConfigurationPlatforms) = postSolution
		{47BC6B0D-B17D-4F88-9A9E-69D166699E1E}.Debug|Any CPU.ActiveCfg = Debug|Any CPU
		{47BC6B0D-B17D-4F88-9A9E-69D166699E1E}.Debug|Any CPU.Build.0 = Debug|Any CPU
		{47BC6B0D-B17D-4F88-9A9E-69D166699E1E}.Release|Any CPU.ActiveCfg = Release|Any CPU
		{47BC6B0D-B17D-4F88-9A9E-69D166699E1E}.Release|Any CPU.Build.0 = Release|Any CPU
		{9607B638-496D-4ACE-9839-89992AB9B02F}.Debug|Any CPU.ActiveCfg = Debug|Any CPU
		{9607B638-496D-4ACE-9839-89992AB9B02F}.Debug|Any CPU.Build.0 = Debug|Any CPU
		{9607B638-496D-4ACE-9839-89992AB9B02F}.Release|Any CPU.ActiveCfg = Release|Any CPU
		{9607B638-496D-4ACE-9839-89992AB9B02F}.Release|Any CPU.Build.0 = Release|Any CPU
		{379AB4A2-A548-478E-9519-678EF027A0FF}.Debug|Any CPU.ActiveCfg = Debug|Any CPU
		{379AB4A2-A548-478E-9519-678EF027A0FF}.Debug|Any CPU.Build.0 = Debug|Any CPU
		{379AB4A2-A548-478E-9519-678EF027A0FF}.Release|Any CPU.ActiveCfg = Release|Any CPU
		{379AB4A2-A548-478E-9519-678EF027A0FF}.Release|Any CPU.Build.0 = Release|Any CPU
		{2CD97B8F-3310-47B4-AC10-9A9D6614C43F}.Debug|Any CPU.ActiveCfg = Debug|Any CPU
		{2CD97B8F-3310-47B4-AC10-9A9D6614C43F}.Debug|Any CPU.Build.0 = Debug|Any CPU
		{2CD97B8F-3310-47B4-AC10-9A9D6614C43F}.Release|Any CPU.ActiveCfg = Release|Any CPU
		{2CD97B8F-3310-47B4-AC10-9A9D6614C43F}.Release|Any CPU.Build.0 = Release|Any CPU
		{181F6BD9-0B13-4188-9F64-E191028F6FBE}.Debug|Any CPU.ActiveCfg = Debug|Any CPU
		{181F6BD9-0B13-4188-9F64-E191028F6FBE}.Debug|Any CPU.Build.0 = Debug|Any CPU
		{181F6BD9-0B13-4188-9F64-E191028F6FBE}.Release|Any CPU.ActiveCfg = Release|Any CPU
		{181F6BD9-0B13-4188-9F64-E191028F6FBE}.Release|Any CPU.Build.0 = Release|Any CPU
	EndGlobalSection
	GlobalSection(SolutionProperties) = preSolution
		HideSolutionNode = FALSE
	EndGlobalSection
	GlobalSection(NestedProjects) = preSolution
		{B6C314AA-ED42-449B-84C6-C7F8CD6499A6} = {746E2D44-6100-4E72-8B19-7F412B5A2F38}
		{47BC6B0D-B17D-4F88-9A9E-69D166699E1E} = {B6C314AA-ED42-449B-84C6-C7F8CD6499A6}
		{9607B638-496D-4ACE-9839-89992AB9B02F} = {1520ED47-76E1-4D23-A9C1-598048EECC39}
		{2BB3D4B4-03F7-4980-87DB-581B259FE94F} = {746E2D44-6100-4E72-8B19-7F412B5A2F38}
		{2CD97B8F-3310-47B4-AC10-9A9D6614C43F} = {2BB3D4B4-03F7-4980-87DB-581B259FE94F}
		{F0ED4C93-9C57-44C2-9998-9C7826438F21} = {746E2D44-6100-4E72-8B19-7F412B5A2F38}
		{181F6BD9-0B13-4188-9F64-E191028F6FBE} = {F0ED4C93-9C57-44C2-9998-9C7826438F21}
	EndGlobalSection
	GlobalSection(ExtensibilityGlobals) = postSolution
		SolutionGuid = {0C1BE01B-C0F4-4671-B235-38DBB64D0724}
	EndGlobalSection
EndGlobal
