
Microsoft Visual Studio Solution File, Format Version 12.00
# Visual Studio Version 17
VisualStudioVersion = 17.11.35222.181
MinimumVisualStudioVersion = 10.0.40219.1
Project("{2150E333-8FDC-42A3-9474-1A3956D46DE8}") = "Services", "Services", "{746E2D44-6100-4E72-8B19-7F412B5A2F38}"
EndProject
Project("{2150E333-8FDC-42A3-9474-1A3956D46DE8}") = "Catalog", "Catalog", "{B6C314AA-ED42-449B-84C6-C7F8CD6499A6}"
EndProject
Project("{9A19103F-16F7-4668-BE54-9A1E7A4F7556}") = "Catalog.API", "Services\Catalog\Catalog.API\Catalog.API.csproj", "{47BC6B0D-B17D-4F88-9A9E-69D166699E1E}"
EndProject
Project("{2150E333-8FDC-42A3-9474-1A3956D46DE8}") = "BuildingBlocks", "BuildingBlocks", "{1520ED47-76E1-4D23-A9C1-598048EECC39}"
EndProject
Project("{9A19103F-16F7-4668-BE54-9A1E7A4F7556}") = "BuildingBlocks", "BuildingBlocks\BuildingBlocks.csproj", "{9607B638-496D-4ACE-9839-89992AB9B02F}"
EndProject
Project("{E53339B2-1760-4266-BCC7-CA923CBCF16C}") = "docker-compose", "docker-compose.dcproj", "{379AB4A2-A548-478E-9519-678EF027A0FF}"
EndProject
Project("{2150E333-8FDC-42A3-9474-1A3956D46DE8}") = "Basket", "Basket", "{2BB3D4B4-03F7-4980-87DB-581B259FE94F}"
EndProject
Project("{9A19103F-16F7-4668-BE54-9A1E7A4F7556}") = "Basket.API", "Services\Basket\Basket.API\Basket.API.csproj", "{2CD97B8F-3310-47B4-AC10-9A9D6614C43F}"
EndProject
Project("{2150E333-8FDC-42A3-9474-1A3956D46DE8}") = "Discount", "Discount", "{F0ED4C93-9C57-44C2-9998-9C7826438F21}"
EndProject
Project("{9A19103F-16F7-4668-BE54-9A1E7A4F7556}") = "Discount.Grpc", "Services\Discount\Discount.Grpc\Discount.Grpc.csproj", "{F1CFB245-FE8C-411A-A511-40E2FA44145F}"
EndProject
Project("{2150E333-8FDC-42A3-9474-1A3956D46DE8}") = "Ordering", "Ordering", "{FC89D43F-E98D-4651-8E67-57AD6E8D5D7C}"
EndProject
Project("{9A19103F-16F7-4668-BE54-9A1E7A4F7556}") = "Ordering.API", "Services\Ordering\Ordering.API\Ordering.API.csproj", "{CB1C8BE2-7B60-4F51-B738-ED6B2E8493D9}"
EndProject
Project("{FAE04EC0-301F-11D3-BF4B-00C04F79EFBC}") = "Ordering.Domain", "Services\Ordering\Ordering.Domain\Ordering.Domain.csproj", "{9D16BBA9-04A9-4095-9060-178D75A58E03}"
EndProject
Project("{FAE04EC0-301F-11D3-BF4B-00C04F79EFBC}") = "Ordering.Application", "Services\Ordering\Ordering.Application\Ordering.Application.csproj", "{228465BC-AEBD-482C-A5EB-F135294A879F}"
EndProject
Project("{FAE04EC0-301F-11D3-BF4B-00C04F79EFBC}") = "Ordering.Infrastructure", "Services\Ordering\Ordering.Infrastructure\Ordering.Infrastructure.csproj", "{CD9B56CC-6461-4D07-A1F9-6B63D4421C55}"
EndProject
Global
	GlobalSection(SolutionConfigurationPlatforms) = preSolution
		Debug|Any CPU = Debug|Any CPU
		Release|Any CPU = Release|Any CPU
	EndGlobalSection
	GlobalSection(ProjectConfigurationPlatforms) = postSolution
		{47BC6B0D-B17D-4F88-9A9E-69D166699E1E}.Debug|Any CPU.ActiveCfg = Debug|Any CPU
		{47BC6B0D-B17D-4F88-9A9E-69D166699E1E}.Debug|Any CPU.Build.0 = Debug|Any CPU
		{47BC6B0D-B17D-4F88-9A9E-69D166699E1E}.Release|Any CPU.ActiveCfg = Release|Any CPU
		{47BC6B0D-B17D-4F88-9A9E-69D166699E1E}.Release|Any CPU.Build.0 = Release|Any CPU
		{9607B638-496D-4ACE-9839-89992AB9B02F}.Debug|Any CPU.ActiveCfg = Debug|Any CPU
		{9607B638-496D-4ACE-9839-89992AB9B02F}.Debug|Any CPU.Build.0 = Debug|Any CPU
		{9607B638-496D-4ACE-9839-89992AB9B02F}.Release|Any CPU.ActiveCfg = Release|Any CPU
		{9607B638-496D-4ACE-9839-89992AB9B02F}.Release|Any CPU.Build.0 = Release|Any CPU
		{379AB4A2-A548-478E-9519-678EF027A0FF}.Debug|Any CPU.ActiveCfg = Debug|Any CPU
		{379AB4A2-A548-478E-9519-678EF027A0FF}.Debug|Any CPU.Build.0 = Debug|Any CPU
		{379AB4A2-A548-478E-9519-678EF027A0FF}.Release|Any CPU.ActiveCfg = Release|Any CPU
		{379AB4A2-A548-478E-9519-678EF027A0FF}.Release|Any CPU.Build.0 = Release|Any CPU
		{2CD97B8F-3310-47B4-AC10-9A9D6614C43F}.Debug|Any CPU.ActiveCfg = Debug|Any CPU
		{2CD97B8F-3310-47B4-AC10-9A9D6614C43F}.Debug|Any CPU.Build.0 = Debug|Any CPU
		{2CD97B8F-3310-47B4-AC10-9A9D6614C43F}.Release|Any CPU.ActiveCfg = Release|Any CPU
		{2CD97B8F-3310-47B4-AC10-9A9D6614C43F}.Release|Any CPU.Build.0 = Release|Any CPU
		{F1CFB245-FE8C-411A-A511-40E2FA44145F}.Debug|Any CPU.ActiveCfg = Debug|Any CPU
		{F1CFB245-FE8C-411A-A511-40E2FA44145F}.Debug|Any CPU.Build.0 = Debug|Any CPU
		{F1CFB245-FE8C-411A-A511-40E2FA44145F}.Release|Any CPU.ActiveCfg = Release|Any CPU
		{F1CFB245-FE8C-411A-A511-40E2FA44145F}.Release|Any CPU.Build.0 = Release|Any CPU
		{CB1C8BE2-7B60-4F51-B738-ED6B2E8493D9}.Debug|Any CPU.ActiveCfg = Debug|Any CPU
		{CB1C8BE2-7B60-4F51-B738-ED6B2E8493D9}.Debug|Any CPU.Build.0 = Debug|Any CPU
		{CB1C8BE2-7B60-4F51-B738-ED6B2E8493D9}.Release|Any CPU.ActiveCfg = Release|Any CPU
		{CB1C8BE2-7B60-4F51-B738-ED6B2E8493D9}.Release|Any CPU.Build.0 = Release|Any CPU
		{9D16BBA9-04A9-4095-9060-178D75A58E03}.Debug|Any CPU.ActiveCfg = Debug|Any CPU
		{9D16BBA9-04A9-4095-9060-178D75A58E03}.Debug|Any CPU.Build.0 = Debug|Any CPU
		{9D16BBA9-04A9-4095-9060-178D75A58E03}.Release|Any CPU.ActiveCfg = Release|Any CPU
		{9D16BBA9-04A9-4095-9060-178D75A58E03}.Release|Any CPU.Build.0 = Release|Any CPU
		{228465BC-AEBD-482C-A5EB-F135294A879F}.Debug|Any CPU.ActiveCfg = Debug|Any CPU
		{228465BC-AEBD-482C-A5EB-F135294A879F}.Debug|Any CPU.Build.0 = Debug|Any CPU
		{228465BC-AEBD-482C-A5EB-F135294A879F}.Release|Any CPU.ActiveCfg = Release|Any CPU
		{228465BC-AEBD-482C-A5EB-F135294A879F}.Release|Any CPU.Build.0 = Release|Any CPU
		{CD9B56CC-6461-4D07-A1F9-6B63D4421C55}.Debug|Any CPU.ActiveCfg = Debug|Any CPU
		{CD9B56CC-6461-4D07-A1F9-6B63D4421C55}.Debug|Any CPU.Build.0 = Debug|Any CPU
		{CD9B56CC-6461-4D07-A1F9-6B63D4421C55}.Release|Any CPU.ActiveCfg = Release|Any CPU
		{CD9B56CC-6461-4D07-A1F9-6B63D4421C55}.Release|Any CPU.Build.0 = Release|Any CPU
	EndGlobalSection
	GlobalSection(SolutionProperties) = preSolution
		HideSolutionNode = FALSE
	EndGlobalSection
	GlobalSection(NestedProjects) = preSolution
		{B6C314AA-ED42-449B-84C6-C7F8CD6499A6} = {746E2D44-6100-4E72-8B19-7F412B5A2F38}
		{47BC6B0D-B17D-4F88-9A9E-69D166699E1E} = {B6C314AA-ED42-449B-84C6-C7F8CD6499A6}
		{9607B638-496D-4ACE-9839-89992AB9B02F} = {1520ED47-76E1-4D23-A9C1-598048EECC39}
		{2BB3D4B4-03F7-4980-87DB-581B259FE94F} = {746E2D44-6100-4E72-8B19-7F412B5A2F38}
		{2CD97B8F-3310-47B4-AC10-9A9D6614C43F} = {2BB3D4B4-03F7-4980-87DB-581B259FE94F}
		{F0ED4C93-9C57-44C2-9998-9C7826438F21} = {746E2D44-6100-4E72-8B19-7F412B5A2F38}
		{F1CFB245-FE8C-411A-A511-40E2FA44145F} = {F0ED4C93-9C57-44C2-9998-9C7826438F21}
		{FC89D43F-E98D-4651-8E67-57AD6E8D5D7C} = {746E2D44-6100-4E72-8B19-7F412B5A2F38}
		{CB1C8BE2-7B60-4F51-B738-ED6B2E8493D9} = {FC89D43F-E98D-4651-8E67-57AD6E8D5D7C}
		{9D16BBA9-04A9-4095-9060-178D75A58E03} = {FC89D43F-E98D-4651-8E67-57AD6E8D5D7C}
		{228465BC-AEBD-482C-A5EB-F135294A879F} = {FC89D43F-E98D-4651-8E67-57AD6E8D5D7C}
		{CD9B56CC-6461-4D07-A1F9-6B63D4421C55} = {FC89D43F-E98D-4651-8E67-57AD6E8D5D7C}
	EndGlobalSection
	GlobalSection(ExtensibilityGlobals) = postSolution
		SolutionGuid = {0C1BE01B-C0F4-4671-B235-38DBB64D0724}
	EndGlobalSection
EndGlobal
